{
  "object": {
    "pins": [
      {
        "package": "Adafruit_BluefruitLE_nRF51",
        "repositoryURL": "https://github.com/microswift-packages/Adafruit_BluefruitLE_nRF51",
        "state": {
          "branch": null,
          "revision": "ee6aebb3ecbc03800a6e09c778d8a9eddf7d0146",
          "version": "1.0.1"
        }
      },
      {
        "package": "Arduino",
        "repositoryURL": "https://github.com/microswift-packages/Arduino",
        "state": {
          "branch": null,
          "revision": "4e7e4cb99be518ceec0cb4198ba9a9a825b413d6",
          "version": "1.0.0"
        }
      }
    ]
  },
  "version": 1
}
